
Microsoft Visual Studio Solution File, Format Version 12.00
# Visual Studio Version 16
VisualStudioVersion = 16.0.30406.217
MinimumVisualStudioVersion = 10.0.40219.1
Project("{FAE04EC0-301F-11D3-BF4B-00C04F79EFBC}") = "04", "04\04.csproj", "{44089CF3-2D26-40B7-BEE0-3A38FD9A0559}"
EndProject
Global
	GlobalSection(SolutionConfigurationPlatforms) = preSolution
		Debug|Any CPU = Debug|Any CPU
		Release|Any CPU = Release|Any CPU
	EndGlobalSection
	GlobalSection(ProjectConfigurationPlatforms) = postSolution
		{44089CF3-2D26-40B7-BEE0-3A38FD9A0559}.Debug|Any CPU.ActiveCfg = Debug|Any CPU
		{44089CF3-2D26-40B7-BEE0-3A38FD9A0559}.Debug|Any CPU.Build.0 = Debug|Any CPU
		{44089CF3-2D26-40B7-BEE0-3A38FD9A0559}.Release|Any CPU.ActiveCfg = Release|Any CPU
		{44089CF3-2D26-40B7-BEE0-3A38FD9A0559}.Release|Any CPU.Build.0 = Release|Any CPU
	EndGlobalSection
	GlobalSection(SolutionProperties) = preSolution
		HideSolutionNode = FALSE
	EndGlobalSection
	GlobalSection(ExtensibilityGlobals) = postSolution
		SolutionGuid = {E7414E13-66D9-498A-B574-F630EBC6F0DD}
	EndGlobalSection
EndGlobal
