
Microsoft Visual Studio Solution File, Format Version 12.00
# Visual Studio Version 17
VisualStudioVersion = 17.11.35222.181
MinimumVisualStudioVersion = 10.0.40219.1
Project("{9A19103F-16F7-4668-BE54-9A1E7A4F7556}") = "Bai01", "Bai01\Bai01.csproj", "{90A8E15E-BEEB-485B-A774-618CAF6DEA99}"
EndProject
Project("{9A19103F-16F7-4668-BE54-9A1E7A4F7556}") = "Bai02", "Bai02\Bai02.csproj", "{3E3E5877-CA8C-4ED8-8BF7-F58DCA488733}"
EndProject
Project("{9A19103F-16F7-4668-BE54-9A1E7A4F7556}") = "Bai04", "Bai04\Bai04.csproj", "{47CCEE1A-F7B0-4344-A398-C9372532E475}"
EndProject
Project("{9A19103F-16F7-4668-BE54-9A1E7A4F7556}") = "Bai06", "Bai06\Bai06.csproj", "{41216D70-6E60-4887-9A34-AD41939AE96C}"
EndProject
Project("{9A19103F-16F7-4668-BE54-9A1E7A4F7556}") = "Bai03", "Bai03\Bai03.csproj", "{AC78FEA5-D95F-4401-B542-8477658409ED}"
EndProject
Project("{FAE04EC0-301F-11D3-BF4B-00C04F79EFBC}") = "Bai05", "Bai05\Bai05.csproj", "{4C7BF461-E8C1-410D-887A-D59C294AFE5A}"
EndProject
Global
	GlobalSection(SolutionConfigurationPlatforms) = preSolution
		Debug|Any CPU = Debug|Any CPU
		Release|Any CPU = Release|Any CPU
	EndGlobalSection
	GlobalSection(ProjectConfigurationPlatforms) = postSolution
		{90A8E15E-BEEB-485B-A774-618CAF6DEA99}.Debug|Any CPU.ActiveCfg = Debug|Any CPU
		{90A8E15E-BEEB-485B-A774-618CAF6DEA99}.Debug|Any CPU.Build.0 = Debug|Any CPU
		{90A8E15E-BEEB-485B-A774-618CAF6DEA99}.Release|Any CPU.ActiveCfg = Release|Any CPU
		{90A8E15E-BEEB-485B-A774-618CAF6DEA99}.Release|Any CPU.Build.0 = Release|Any CPU
		{3E3E5877-CA8C-4ED8-8BF7-F58DCA488733}.Debug|Any CPU.ActiveCfg = Debug|Any CPU
		{3E3E5877-CA8C-4ED8-8BF7-F58DCA488733}.Debug|Any CPU.Build.0 = Debug|Any CPU
		{3E3E5877-CA8C-4ED8-8BF7-F58DCA488733}.Release|Any CPU.ActiveCfg = Release|Any CPU
		{3E3E5877-CA8C-4ED8-8BF7-F58DCA488733}.Release|Any CPU.Build.0 = Release|Any CPU
		{47CCEE1A-F7B0-4344-A398-C9372532E475}.Debug|Any CPU.ActiveCfg = Debug|Any CPU
		{47CCEE1A-F7B0-4344-A398-C9372532E475}.Debug|Any CPU.Build.0 = Debug|Any CPU
		{47CCEE1A-F7B0-4344-A398-C9372532E475}.Release|Any CPU.ActiveCfg = Release|Any CPU
		{47CCEE1A-F7B0-4344-A398-C9372532E475}.Release|Any CPU.Build.0 = Release|Any CPU
		{41216D70-6E60-4887-9A34-AD41939AE96C}.Debug|Any CPU.ActiveCfg = Debug|Any CPU
		{41216D70-6E60-4887-9A34-AD41939AE96C}.Debug|Any CPU.Build.0 = Debug|Any CPU
		{41216D70-6E60-4887-9A34-AD41939AE96C}.Release|Any CPU.ActiveCfg = Release|Any CPU
		{41216D70-6E60-4887-9A34-AD41939AE96C}.Release|Any CPU.Build.0 = Release|Any CPU
		{AC78FEA5-D95F-4401-B542-8477658409ED}.Debug|Any CPU.ActiveCfg = Debug|Any CPU
		{AC78FEA5-D95F-4401-B542-8477658409ED}.Debug|Any CPU.Build.0 = Debug|Any CPU
		{AC78FEA5-D95F-4401-B542-8477658409ED}.Release|Any CPU.ActiveCfg = Release|Any CPU
		{AC78FEA5-D95F-4401-B542-8477658409ED}.Release|Any CPU.Build.0 = Release|Any CPU
		{4C7BF461-E8C1-410D-887A-D59C294AFE5A}.Debug|Any CPU.ActiveCfg = Debug|Any CPU
		{4C7BF461-E8C1-410D-887A-D59C294AFE5A}.Debug|Any CPU.Build.0 = Debug|Any CPU
		{4C7BF461-E8C1-410D-887A-D59C294AFE5A}.Release|Any CPU.ActiveCfg = Release|Any CPU
		{4C7BF461-E8C1-410D-887A-D59C294AFE5A}.Release|Any CPU.Build.0 = Release|Any CPU
	EndGlobalSection
	GlobalSection(SolutionProperties) = preSolution
		HideSolutionNode = FALSE
	EndGlobalSection
	GlobalSection(ExtensibilityGlobals) = postSolution
		SolutionGuid = {A13C7BEA-56E0-4CBD-B716-FCF8E3DC0685}
	EndGlobalSection
EndGlobal
