
Microsoft Visual Studio Solution File, Format Version 12.00
# Visual Studio Version 16
VisualStudioVersion = 16.0.30406.217
MinimumVisualStudioVersion = 10.0.40219.1
Project("{FAE04EC0-301F-11D3-BF4B-00C04F79EFBC}") = "06", "06\06.csproj", "{90FE7B0B-CD82-4E99-B367-8AD0DC2829DB}"
EndProject
Global
	GlobalSection(SolutionConfigurationPlatforms) = preSolution
		Debug|Any CPU = Debug|Any CPU
		Release|Any CPU = Release|Any CPU
	EndGlobalSection
	GlobalSection(ProjectConfigurationPlatforms) = postSolution
		{90FE7B0B-CD82-4E99-B367-8AD0DC2829DB}.Debug|Any CPU.ActiveCfg = Debug|Any CPU
		{90FE7B0B-CD82-4E99-B367-8AD0DC2829DB}.Debug|Any CPU.Build.0 = Debug|Any CPU
		{90FE7B0B-CD82-4E99-B367-8AD0DC2829DB}.Release|Any CPU.ActiveCfg = Release|Any CPU
		{90FE7B0B-CD82-4E99-B367-8AD0DC2829DB}.Release|Any CPU.Build.0 = Release|Any CPU
	EndGlobalSection
	GlobalSection(SolutionProperties) = preSolution
		HideSolutionNode = FALSE
	EndGlobalSection
	GlobalSection(ExtensibilityGlobals) = postSolution
		SolutionGuid = {38DC3250-597C-4174-A80B-FDFA8029274F}
	EndGlobalSection
EndGlobal
