
Microsoft Visual Studio Solution File, Format Version 12.00
# Visual Studio Version 17
VisualStudioVersion = 17.11.35222.181
MinimumVisualStudioVersion = 10.0.40219.1
Project("{9A19103F-16F7-4668-BE54-9A1E7A4F7556}") = "Bai01", "Bai01\Bai01.csproj", "{7D34EA3D-79E2-468B-A926-0516456D87BE}"
EndProject
Project("{9A19103F-16F7-4668-BE54-9A1E7A4F7556}") = "Bai02", "Bai02\Bai02.csproj", "{3DF8DD24-1FE6-430E-B13E-5021A571D904}"
EndProject
Project("{9A19103F-16F7-4668-BE54-9A1E7A4F7556}") = "Bai03", "Bai03\Bai03.csproj", "{88CBBFF5-5EBF-44A4-B5D2-385527E3E54F}"
EndProject
Project("{FAE04EC0-301F-11D3-BF4B-00C04F79EFBC}") = "Bai04", "Bai04\Bai04.csproj", "{C88D1C86-F474-4100-81DC-FA6512195F19}"
EndProject
Project("{FAE04EC0-301F-11D3-BF4B-00C04F79EFBC}") = "Bai05", "Bai05\Bai05.csproj", "{A9C00FCC-48F0-437A-BE89-E33A7B81D1AF}"
EndProject
Global
	GlobalSection(SolutionConfigurationPlatforms) = preSolution
		Debug|Any CPU = Debug|Any CPU
		Release|Any CPU = Release|Any CPU
	EndGlobalSection
	GlobalSection(ProjectConfigurationPlatforms) = postSolution
		{7D34EA3D-79E2-468B-A926-0516456D87BE}.Debug|Any CPU.ActiveCfg = Debug|Any CPU
		{7D34EA3D-79E2-468B-A926-0516456D87BE}.Debug|Any CPU.Build.0 = Debug|Any CPU
		{7D34EA3D-79E2-468B-A926-0516456D87BE}.Release|Any CPU.ActiveCfg = Release|Any CPU
		{7D34EA3D-79E2-468B-A926-0516456D87BE}.Release|Any CPU.Build.0 = Release|Any CPU
		{3DF8DD24-1FE6-430E-B13E-5021A571D904}.Debug|Any CPU.ActiveCfg = Debug|Any CPU
		{3DF8DD24-1FE6-430E-B13E-5021A571D904}.Debug|Any CPU.Build.0 = Debug|Any CPU
		{3DF8DD24-1FE6-430E-B13E-5021A571D904}.Release|Any CPU.ActiveCfg = Release|Any CPU
		{3DF8DD24-1FE6-430E-B13E-5021A571D904}.Release|Any CPU.Build.0 = Release|Any CPU
		{88CBBFF5-5EBF-44A4-B5D2-385527E3E54F}.Debug|Any CPU.ActiveCfg = Debug|Any CPU
		{88CBBFF5-5EBF-44A4-B5D2-385527E3E54F}.Debug|Any CPU.Build.0 = Debug|Any CPU
		{88CBBFF5-5EBF-44A4-B5D2-385527E3E54F}.Release|Any CPU.ActiveCfg = Release|Any CPU
		{88CBBFF5-5EBF-44A4-B5D2-385527E3E54F}.Release|Any CPU.Build.0 = Release|Any CPU
		{C88D1C86-F474-4100-81DC-FA6512195F19}.Debug|Any CPU.ActiveCfg = Debug|Any CPU
		{C88D1C86-F474-4100-81DC-FA6512195F19}.Debug|Any CPU.Build.0 = Debug|Any CPU
		{C88D1C86-F474-4100-81DC-FA6512195F19}.Release|Any CPU.ActiveCfg = Release|Any CPU
		{C88D1C86-F474-4100-81DC-FA6512195F19}.Release|Any CPU.Build.0 = Release|Any CPU
		{A9C00FCC-48F0-437A-BE89-E33A7B81D1AF}.Debug|Any CPU.ActiveCfg = Debug|Any CPU
		{A9C00FCC-48F0-437A-BE89-E33A7B81D1AF}.Debug|Any CPU.Build.0 = Debug|Any CPU
		{A9C00FCC-48F0-437A-BE89-E33A7B81D1AF}.Release|Any CPU.ActiveCfg = Release|Any CPU
		{A9C00FCC-48F0-437A-BE89-E33A7B81D1AF}.Release|Any CPU.Build.0 = Release|Any CPU
	EndGlobalSection
	GlobalSection(SolutionProperties) = preSolution
		HideSolutionNode = FALSE
	EndGlobalSection
	GlobalSection(ExtensibilityGlobals) = postSolution
		SolutionGuid = {C5F54585-BCDB-45A9-B350-CC930FE56B6A}
	EndGlobalSection
EndGlobal
