
Microsoft Visual Studio Solution File, Format Version 12.00
# Visual Studio Version 17
VisualStudioVersion = 17.11.35222.181
MinimumVisualStudioVersion = 10.0.40219.1
Project("{FAE04EC0-301F-11D3-BF4B-00C04F79EFBC}") = "BVNChuong3_TranNguyenThaiBinh_23520161", "BVNChuong3_TranNguyenThaiBinh_23520161.csproj", "{7B768A5E-6310-485F-B561-148093F930EE}"
EndProject
Global
	GlobalSection(SolutionConfigurationPlatforms) = preSolution
		Debug|Any CPU = Debug|Any CPU
		Release|Any CPU = Release|Any CPU
	EndGlobalSection
	GlobalSection(ProjectConfigurationPlatforms) = postSolution
		{7B768A5E-6310-485F-B561-148093F930EE}.Debug|Any CPU.ActiveCfg = Debug|Any CPU
		{7B768A5E-6310-485F-B561-148093F930EE}.Debug|Any CPU.Build.0 = Debug|Any CPU
		{7B768A5E-6310-485F-B561-148093F930EE}.Release|Any CPU.ActiveCfg = Release|Any CPU
		{7B768A5E-6310-485F-B561-148093F930EE}.Release|Any CPU.Build.0 = Release|Any CPU
	EndGlobalSection
	GlobalSection(SolutionProperties) = preSolution
		HideSolutionNode = FALSE
	EndGlobalSection
	GlobalSection(ExtensibilityGlobals) = postSolution
		SolutionGuid = {3895C633-5D07-480D-BF13-5A186E9FAD51}
	EndGlobalSection
EndGlobal
